
Microsoft Visual Studio Solution File, Format Version 12.00
# Visual Studio Version 17
VisualStudioVersion = 17.8.34316.72
MinimumVisualStudioVersion = 10.0.40219.1
Project("{FAE04EC0-301F-11D3-BF4B-00C04F79EFBC}") = "Json_Test", "Json_Test\Json_Test.csproj", "{C7AF502B-55ED-4B49-B245-15EB01AC1425}"
EndProject
Global
	GlobalSection(SolutionConfigurationPlatforms) = preSolution
		Debug|Any CPU = Debug|Any CPU
		Release|Any CPU = Release|Any CPU
	EndGlobalSection
	GlobalSection(ProjectConfigurationPlatforms) = postSolution
		{C7AF502B-55ED-4B49-B245-15EB01AC1425}.Debug|Any CPU.ActiveCfg = Debug|Any CPU
		{C7AF502B-55ED-4B49-B245-15EB01AC1425}.Debug|Any CPU.Build.0 = Debug|Any CPU
		{C7AF502B-55ED-4B49-B245-15EB01AC1425}.Release|Any CPU.ActiveCfg = Release|Any CPU
		{C7AF502B-55ED-4B49-B245-15EB01AC1425}.Release|Any CPU.Build.0 = Release|Any CPU
	EndGlobalSection
	GlobalSection(SolutionProperties) = preSolution
		HideSolutionNode = FALSE
	EndGlobalSection
	GlobalSection(ExtensibilityGlobals) = postSolution
		SolutionGuid = {18E7033A-835F-4D8C-B3DA-D5AF5D656E28}
	EndGlobalSection
EndGlobal
